
Microsoft Visual Studio Solution File, Format Version 12.00
# Visual Studio Version 16
VisualStudioVersion = 16.0.30503.244
MinimumVisualStudioVersion = 10.0.40219.1
Project("{8BC9CEB8-8B4A-11D0-8D11-00A0C91BC942}") = "01-Project", "01-Project\01-Project.vcxproj", "{1C0E4355-2ABA-4CD1-B227-55BE6FF3C388}"
EndProject
Project("{8BC9CEB8-8B4A-11D0-8D11-00A0C91BC942}") = "02-局部对象", "02-局部对象\02-局部对象.vcxproj", "{AD3825F5-F853-4A61-BBE3-4391CD28E388}"
EndProject
Project("{8BC9CEB8-8B4A-11D0-8D11-00A0C91BC942}") = "03-传值参数", "03-传值参数\03-传值参数.vcxproj", "{75306E69-752C-4913-AB46-6A96A7DFBC1C}"
EndProject
Project("{8BC9CEB8-8B4A-11D0-8D11-00A0C91BC942}") = "05-Const参数", "05-Const参数\05-Const参数.vcxproj", "{59BA5E69-B654-4C77-998B-844B730CBFA4}"
EndProject
Project("{8BC9CEB8-8B4A-11D0-8D11-00A0C91BC942}") = "06-默认实参", "06-默认实参\06-默认实参.vcxproj", "{9ABD0CC6-E7D2-4CF3-8E72-10766F8791CE}"
EndProject
Project("{8BC9CEB8-8B4A-11D0-8D11-00A0C91BC942}") = "07-返回类型", "07-返回类型\07-返回类型.vcxproj", "{1E239FAE-DE47-4A40-B925-DC1E8F3B6A05}"
EndProject
Project("{8BC9CEB8-8B4A-11D0-8D11-00A0C91BC942}") = "08-递归函数", "08-递归函数\08-递归函数.vcxproj", "{2D682049-61AA-4DAF-BDB8-F4583F3B0C5F}"
EndProject
Project("{8BC9CEB8-8B4A-11D0-8D11-00A0C91BC942}") = "练习-02", "练习-02\练习-02.vcxproj", "{AA2C019C-7D44-406A-B0B8-6C07AF47A29C}"
EndProject
Project("{8BC9CEB8-8B4A-11D0-8D11-00A0C91BC942}") = "09-内联函数", "09-内联函数\09-内联函数.vcxproj", "{AD6159D7-62B8-4338-BDB8-2002EF4177A9}"
EndProject
Project("{8BC9CEB8-8B4A-11D0-8D11-00A0C91BC942}") = "10-常量表达式", "10-常量表达式\10-常量表达式.vcxproj", "{F021DED4-53E1-4EFE-A4B7-67811CAE7499}"
EndProject
Project("{8BC9CEB8-8B4A-11D0-8D11-00A0C91BC942}") = "11-函数重载", "11-函数重载\11-函数重载.vcxproj", "{67D65658-0E72-4451-9E20-1C33C2D55763}"
EndProject
Project("{8BC9CEB8-8B4A-11D0-8D11-00A0C91BC942}") = "12-函数与数组", "12-函数与数组\12-函数与数组.vcxproj", "{736B6E06-D94E-4E21-A10C-7F3C860AB6A8}"
EndProject
Project("{8BC9CEB8-8B4A-11D0-8D11-00A0C91BC942}") = "练习-03", "练习-03\练习-03.vcxproj", "{7358DD1D-8BB5-4893-B207-5ACFDEAE2C9D}"
EndProject
Project("{8BC9CEB8-8B4A-11D0-8D11-00A0C91BC942}") = "13-函数与结构体", "13-函数与结构体\13-函数与结构体.vcxproj", "{E2F6214F-BB50-4FBA-9FC4-8BAD6B250382}"
EndProject
Project("{8BC9CEB8-8B4A-11D0-8D11-00A0C91BC942}") = "14-函数与String", "14-函数与String\14-函数与String.vcxproj", "{355B785F-C925-4310-8C41-80518B4ECC51}"
EndProject
Project("{8BC9CEB8-8B4A-11D0-8D11-00A0C91BC942}") = "15-函数指针", "15-函数指针\15-函数指针.vcxproj", "{C9D2608F-9D11-421E-AAB8-8404DDFD35D8}"
EndProject
Project("{8BC9CEB8-8B4A-11D0-8D11-00A0C91BC942}") = "16-分离式编译", "16-分离式编译\16-分离式编译.vcxproj", "{E381624E-1893-4F09-989B-C46012B768FA}"
EndProject
Project("{8BC9CEB8-8B4A-11D0-8D11-00A0C91BC942}") = "练习-01", "练习-01\练习-01.vcxproj", "{2C580294-A4AA-49C9-BBE1-F4E8A9E5E15C}"
EndProject
Project("{8BC9CEB8-8B4A-11D0-8D11-00A0C91BC942}") = "练习-04", "练习-04\练习-04.vcxproj", "{65727EB2-EE4F-4FFD-A70B-6358B9613193}"
EndProject
Global
	GlobalSection(SolutionConfigurationPlatforms) = preSolution
		Debug|x64 = Debug|x64
		Debug|x86 = Debug|x86
		Release|x64 = Release|x64
		Release|x86 = Release|x86
	EndGlobalSection
	GlobalSection(ProjectConfigurationPlatforms) = postSolution
		{1C0E4355-2ABA-4CD1-B227-55BE6FF3C388}.Debug|x64.ActiveCfg = Debug|x64
		{1C0E4355-2ABA-4CD1-B227-55BE6FF3C388}.Debug|x64.Build.0 = Debug|x64
		{1C0E4355-2ABA-4CD1-B227-55BE6FF3C388}.Debug|x86.ActiveCfg = Debug|Win32
		{1C0E4355-2ABA-4CD1-B227-55BE6FF3C388}.Debug|x86.Build.0 = Debug|Win32
		{1C0E4355-2ABA-4CD1-B227-55BE6FF3C388}.Release|x64.ActiveCfg = Release|x64
		{1C0E4355-2ABA-4CD1-B227-55BE6FF3C388}.Release|x64.Build.0 = Release|x64
		{1C0E4355-2ABA-4CD1-B227-55BE6FF3C388}.Release|x86.ActiveCfg = Release|Win32
		{1C0E4355-2ABA-4CD1-B227-55BE6FF3C388}.Release|x86.Build.0 = Release|Win32
		{AD3825F5-F853-4A61-BBE3-4391CD28E388}.Debug|x64.ActiveCfg = Debug|x64
		{AD3825F5-F853-4A61-BBE3-4391CD28E388}.Debug|x64.Build.0 = Debug|x64
		{AD3825F5-F853-4A61-BBE3-4391CD28E388}.Debug|x86.ActiveCfg = Debug|Win32
		{AD3825F5-F853-4A61-BBE3-4391CD28E388}.Debug|x86.Build.0 = Debug|Win32
		{AD3825F5-F853-4A61-BBE3-4391CD28E388}.Release|x64.ActiveCfg = Release|x64
		{AD3825F5-F853-4A61-BBE3-4391CD28E388}.Release|x64.Build.0 = Release|x64
		{AD3825F5-F853-4A61-BBE3-4391CD28E388}.Release|x86.ActiveCfg = Release|Win32
		{AD3825F5-F853-4A61-BBE3-4391CD28E388}.Release|x86.Build.0 = Release|Win32
		{75306E69-752C-4913-AB46-6A96A7DFBC1C}.Debug|x64.ActiveCfg = Debug|x64
		{75306E69-752C-4913-AB46-6A96A7DFBC1C}.Debug|x64.Build.0 = Debug|x64
		{75306E69-752C-4913-AB46-6A96A7DFBC1C}.Debug|x86.ActiveCfg = Debug|Win32
		{75306E69-752C-4913-AB46-6A96A7DFBC1C}.Debug|x86.Build.0 = Debug|Win32
		{75306E69-752C-4913-AB46-6A96A7DFBC1C}.Release|x64.ActiveCfg = Release|x64
		{75306E69-752C-4913-AB46-6A96A7DFBC1C}.Release|x64.Build.0 = Release|x64
		{75306E69-752C-4913-AB46-6A96A7DFBC1C}.Release|x86.ActiveCfg = Release|Win32
		{75306E69-752C-4913-AB46-6A96A7DFBC1C}.Release|x86.Build.0 = Release|Win32
		{59BA5E69-B654-4C77-998B-844B730CBFA4}.Debug|x64.ActiveCfg = Debug|x64
		{59BA5E69-B654-4C77-998B-844B730CBFA4}.Debug|x64.Build.0 = Debug|x64
		{59BA5E69-B654-4C77-998B-844B730CBFA4}.Debug|x86.ActiveCfg = Debug|Win32
		{59BA5E69-B654-4C77-998B-844B730CBFA4}.Debug|x86.Build.0 = Debug|Win32
		{59BA5E69-B654-4C77-998B-844B730CBFA4}.Release|x64.ActiveCfg = Release|x64
		{59BA5E69-B654-4C77-998B-844B730CBFA4}.Release|x64.Build.0 = Release|x64
		{59BA5E69-B654-4C77-998B-844B730CBFA4}.Release|x86.ActiveCfg = Release|Win32
		{59BA5E69-B654-4C77-998B-844B730CBFA4}.Release|x86.Build.0 = Release|Win32
		{9ABD0CC6-E7D2-4CF3-8E72-10766F8791CE}.Debug|x64.ActiveCfg = Debug|x64
		{9ABD0CC6-E7D2-4CF3-8E72-10766F8791CE}.Debug|x64.Build.0 = Debug|x64
		{9ABD0CC6-E7D2-4CF3-8E72-10766F8791CE}.Debug|x86.ActiveCfg = Debug|Win32
		{9ABD0CC6-E7D2-4CF3-8E72-10766F8791CE}.Debug|x86.Build.0 = Debug|Win32
		{9ABD0CC6-E7D2-4CF3-8E72-10766F8791CE}.Release|x64.ActiveCfg = Release|x64
		{9ABD0CC6-E7D2-4CF3-8E72-10766F8791CE}.Release|x64.Build.0 = Release|x64
		{9ABD0CC6-E7D2-4CF3-8E72-10766F8791CE}.Release|x86.ActiveCfg = Release|Win32
		{9ABD0CC6-E7D2-4CF3-8E72-10766F8791CE}.Release|x86.Build.0 = Release|Win32
		{1E239FAE-DE47-4A40-B925-DC1E8F3B6A05}.Debug|x64.ActiveCfg = Debug|x64
		{1E239FAE-DE47-4A40-B925-DC1E8F3B6A05}.Debug|x64.Build.0 = Debug|x64
		{1E239FAE-DE47-4A40-B925-DC1E8F3B6A05}.Debug|x86.ActiveCfg = Debug|Win32
		{1E239FAE-DE47-4A40-B925-DC1E8F3B6A05}.Debug|x86.Build.0 = Debug|Win32
		{1E239FAE-DE47-4A40-B925-DC1E8F3B6A05}.Release|x64.ActiveCfg = Release|x64
		{1E239FAE-DE47-4A40-B925-DC1E8F3B6A05}.Release|x64.Build.0 = Release|x64
		{1E239FAE-DE47-4A40-B925-DC1E8F3B6A05}.Release|x86.ActiveCfg = Release|Win32
		{1E239FAE-DE47-4A40-B925-DC1E8F3B6A05}.Release|x86.Build.0 = Release|Win32
		{2D682049-61AA-4DAF-BDB8-F4583F3B0C5F}.Debug|x64.ActiveCfg = Debug|x64
		{2D682049-61AA-4DAF-BDB8-F4583F3B0C5F}.Debug|x64.Build.0 = Debug|x64
		{2D682049-61AA-4DAF-BDB8-F4583F3B0C5F}.Debug|x86.ActiveCfg = Debug|Win32
		{2D682049-61AA-4DAF-BDB8-F4583F3B0C5F}.Debug|x86.Build.0 = Debug|Win32
		{2D682049-61AA-4DAF-BDB8-F4583F3B0C5F}.Release|x64.ActiveCfg = Release|x64
		{2D682049-61AA-4DAF-BDB8-F4583F3B0C5F}.Release|x64.Build.0 = Release|x64
		{2D682049-61AA-4DAF-BDB8-F4583F3B0C5F}.Release|x86.ActiveCfg = Release|Win32
		{2D682049-61AA-4DAF-BDB8-F4583F3B0C5F}.Release|x86.Build.0 = Release|Win32
		{AA2C019C-7D44-406A-B0B8-6C07AF47A29C}.Debug|x64.ActiveCfg = Debug|x64
		{AA2C019C-7D44-406A-B0B8-6C07AF47A29C}.Debug|x64.Build.0 = Debug|x64
		{AA2C019C-7D44-406A-B0B8-6C07AF47A29C}.Debug|x86.ActiveCfg = Debug|Win32
		{AA2C019C-7D44-406A-B0B8-6C07AF47A29C}.Debug|x86.Build.0 = Debug|Win32
		{AA2C019C-7D44-406A-B0B8-6C07AF47A29C}.Release|x64.ActiveCfg = Release|x64
		{AA2C019C-7D44-406A-B0B8-6C07AF47A29C}.Release|x64.Build.0 = Release|x64
		{AA2C019C-7D44-406A-B0B8-6C07AF47A29C}.Release|x86.ActiveCfg = Release|Win32
		{AA2C019C-7D44-406A-B0B8-6C07AF47A29C}.Release|x86.Build.0 = Release|Win32
		{AD6159D7-62B8-4338-BDB8-2002EF4177A9}.Debug|x64.ActiveCfg = Debug|x64
		{AD6159D7-62B8-4338-BDB8-2002EF4177A9}.Debug|x64.Build.0 = Debug|x64
		{AD6159D7-62B8-4338-BDB8-2002EF4177A9}.Debug|x86.ActiveCfg = Debug|Win32
		{AD6159D7-62B8-4338-BDB8-2002EF4177A9}.Debug|x86.Build.0 = Debug|Win32
		{AD6159D7-62B8-4338-BDB8-2002EF4177A9}.Release|x64.ActiveCfg = Release|x64
		{AD6159D7-62B8-4338-BDB8-2002EF4177A9}.Release|x64.Build.0 = Release|x64
		{AD6159D7-62B8-4338-BDB8-2002EF4177A9}.Release|x86.ActiveCfg = Release|Win32
		{AD6159D7-62B8-4338-BDB8-2002EF4177A9}.Release|x86.Build.0 = Release|Win32
		{F021DED4-53E1-4EFE-A4B7-67811CAE7499}.Debug|x64.ActiveCfg = Debug|x64
		{F021DED4-53E1-4EFE-A4B7-67811CAE7499}.Debug|x64.Build.0 = Debug|x64
		{F021DED4-53E1-4EFE-A4B7-67811CAE7499}.Debug|x86.ActiveCfg = Debug|Win32
		{F021DED4-53E1-4EFE-A4B7-67811CAE7499}.Debug|x86.Build.0 = Debug|Win32
		{F021DED4-53E1-4EFE-A4B7-67811CAE7499}.Release|x64.ActiveCfg = Release|x64
		{F021DED4-53E1-4EFE-A4B7-67811CAE7499}.Release|x64.Build.0 = Release|x64
		{F021DED4-53E1-4EFE-A4B7-67811CAE7499}.Release|x86.ActiveCfg = Release|Win32
		{F021DED4-53E1-4EFE-A4B7-67811CAE7499}.Release|x86.Build.0 = Release|Win32
		{67D65658-0E72-4451-9E20-1C33C2D55763}.Debug|x64.ActiveCfg = Debug|x64
		{67D65658-0E72-4451-9E20-1C33C2D55763}.Debug|x64.Build.0 = Debug|x64
		{67D65658-0E72-4451-9E20-1C33C2D55763}.Debug|x86.ActiveCfg = Debug|Win32
		{67D65658-0E72-4451-9E20-1C33C2D55763}.Debug|x86.Build.0 = Debug|Win32
		{67D65658-0E72-4451-9E20-1C33C2D55763}.Release|x64.ActiveCfg = Release|x64
		{67D65658-0E72-4451-9E20-1C33C2D55763}.Release|x64.Build.0 = Release|x64
		{67D65658-0E72-4451-9E20-1C33C2D55763}.Release|x86.ActiveCfg = Release|Win32
		{67D65658-0E72-4451-9E20-1C33C2D55763}.Release|x86.Build.0 = Release|Win32
		{736B6E06-D94E-4E21-A10C-7F3C860AB6A8}.Debug|x64.ActiveCfg = Debug|x64
		{736B6E06-D94E-4E21-A10C-7F3C860AB6A8}.Debug|x64.Build.0 = Debug|x64
		{736B6E06-D94E-4E21-A10C-7F3C860AB6A8}.Debug|x86.ActiveCfg = Debug|Win32
		{736B6E06-D94E-4E21-A10C-7F3C860AB6A8}.Debug|x86.Build.0 = Debug|Win32
		{736B6E06-D94E-4E21-A10C-7F3C860AB6A8}.Release|x64.ActiveCfg = Release|x64
		{736B6E06-D94E-4E21-A10C-7F3C860AB6A8}.Release|x64.Build.0 = Release|x64
		{736B6E06-D94E-4E21-A10C-7F3C860AB6A8}.Release|x86.ActiveCfg = Release|Win32
		{736B6E06-D94E-4E21-A10C-7F3C860AB6A8}.Release|x86.Build.0 = Release|Win32
		{7358DD1D-8BB5-4893-B207-5ACFDEAE2C9D}.Debug|x64.ActiveCfg = Debug|x64
		{7358DD1D-8BB5-4893-B207-5ACFDEAE2C9D}.Debug|x64.Build.0 = Debug|x64
		{7358DD1D-8BB5-4893-B207-5ACFDEAE2C9D}.Debug|x86.ActiveCfg = Debug|Win32
		{7358DD1D-8BB5-4893-B207-5ACFDEAE2C9D}.Debug|x86.Build.0 = Debug|Win32
		{7358DD1D-8BB5-4893-B207-5ACFDEAE2C9D}.Release|x64.ActiveCfg = Release|x64
		{7358DD1D-8BB5-4893-B207-5ACFDEAE2C9D}.Release|x64.Build.0 = Release|x64
		{7358DD1D-8BB5-4893-B207-5ACFDEAE2C9D}.Release|x86.ActiveCfg = Release|Win32
		{7358DD1D-8BB5-4893-B207-5ACFDEAE2C9D}.Release|x86.Build.0 = Release|Win32
		{E2F6214F-BB50-4FBA-9FC4-8BAD6B250382}.Debug|x64.ActiveCfg = Debug|x64
		{E2F6214F-BB50-4FBA-9FC4-8BAD6B250382}.Debug|x64.Build.0 = Debug|x64
		{E2F6214F-BB50-4FBA-9FC4-8BAD6B250382}.Debug|x86.ActiveCfg = Debug|Win32
		{E2F6214F-BB50-4FBA-9FC4-8BAD6B250382}.Debug|x86.Build.0 = Debug|Win32
		{E2F6214F-BB50-4FBA-9FC4-8BAD6B250382}.Release|x64.ActiveCfg = Release|x64
		{E2F6214F-BB50-4FBA-9FC4-8BAD6B250382}.Release|x64.Build.0 = Release|x64
		{E2F6214F-BB50-4FBA-9FC4-8BAD6B250382}.Release|x86.ActiveCfg = Release|Win32
		{E2F6214F-BB50-4FBA-9FC4-8BAD6B250382}.Release|x86.Build.0 = Release|Win32
		{355B785F-C925-4310-8C41-80518B4ECC51}.Debug|x64.ActiveCfg = Debug|x64
		{355B785F-C925-4310-8C41-80518B4ECC51}.Debug|x64.Build.0 = Debug|x64
		{355B785F-C925-4310-8C41-80518B4ECC51}.Debug|x86.ActiveCfg = Debug|Win32
		{355B785F-C925-4310-8C41-80518B4ECC51}.Debug|x86.Build.0 = Debug|Win32
		{355B785F-C925-4310-8C41-80518B4ECC51}.Release|x64.ActiveCfg = Release|x64
		{355B785F-C925-4310-8C41-80518B4ECC51}.Release|x64.Build.0 = Release|x64
		{355B785F-C925-4310-8C41-80518B4ECC51}.Release|x86.ActiveCfg = Release|Win32
		{355B785F-C925-4310-8C41-80518B4ECC51}.Release|x86.Build.0 = Release|Win32
		{C9D2608F-9D11-421E-AAB8-8404DDFD35D8}.Debug|x64.ActiveCfg = Debug|x64
		{C9D2608F-9D11-421E-AAB8-8404DDFD35D8}.Debug|x64.Build.0 = Debug|x64
		{C9D2608F-9D11-421E-AAB8-8404DDFD35D8}.Debug|x86.ActiveCfg = Debug|Win32
		{C9D2608F-9D11-421E-AAB8-8404DDFD35D8}.Debug|x86.Build.0 = Debug|Win32
		{C9D2608F-9D11-421E-AAB8-8404DDFD35D8}.Release|x64.ActiveCfg = Release|x64
		{C9D2608F-9D11-421E-AAB8-8404DDFD35D8}.Release|x64.Build.0 = Release|x64
		{C9D2608F-9D11-421E-AAB8-8404DDFD35D8}.Release|x86.ActiveCfg = Release|Win32
		{C9D2608F-9D11-421E-AAB8-8404DDFD35D8}.Release|x86.Build.0 = Release|Win32
		{E381624E-1893-4F09-989B-C46012B768FA}.Debug|x64.ActiveCfg = Debug|x64
		{E381624E-1893-4F09-989B-C46012B768FA}.Debug|x64.Build.0 = Debug|x64
		{E381624E-1893-4F09-989B-C46012B768FA}.Debug|x86.ActiveCfg = Debug|Win32
		{E381624E-1893-4F09-989B-C46012B768FA}.Debug|x86.Build.0 = Debug|Win32
		{E381624E-1893-4F09-989B-C46012B768FA}.Release|x64.ActiveCfg = Release|x64
		{E381624E-1893-4F09-989B-C46012B768FA}.Release|x64.Build.0 = Release|x64
		{E381624E-1893-4F09-989B-C46012B768FA}.Release|x86.ActiveCfg = Release|Win32
		{E381624E-1893-4F09-989B-C46012B768FA}.Release|x86.Build.0 = Release|Win32
		{2C580294-A4AA-49C9-BBE1-F4E8A9E5E15C}.Debug|x64.ActiveCfg = Debug|x64
		{2C580294-A4AA-49C9-BBE1-F4E8A9E5E15C}.Debug|x64.Build.0 = Debug|x64
		{2C580294-A4AA-49C9-BBE1-F4E8A9E5E15C}.Debug|x86.ActiveCfg = Debug|Win32
		{2C580294-A4AA-49C9-BBE1-F4E8A9E5E15C}.Debug|x86.Build.0 = Debug|Win32
		{2C580294-A4AA-49C9-BBE1-F4E8A9E5E15C}.Release|x64.ActiveCfg = Release|x64
		{2C580294-A4AA-49C9-BBE1-F4E8A9E5E15C}.Release|x64.Build.0 = Release|x64
		{2C580294-A4AA-49C9-BBE1-F4E8A9E5E15C}.Release|x86.ActiveCfg = Release|Win32
		{2C580294-A4AA-49C9-BBE1-F4E8A9E5E15C}.Release|x86.Build.0 = Release|Win32
		{65727EB2-EE4F-4FFD-A70B-6358B9613193}.Debug|x64.ActiveCfg = Debug|x64
		{65727EB2-EE4F-4FFD-A70B-6358B9613193}.Debug|x64.Build.0 = Debug|x64
		{65727EB2-EE4F-4FFD-A70B-6358B9613193}.Debug|x86.ActiveCfg = Debug|Win32
		{65727EB2-EE4F-4FFD-A70B-6358B9613193}.Debug|x86.Build.0 = Debug|Win32
		{65727EB2-EE4F-4FFD-A70B-6358B9613193}.Release|x64.ActiveCfg = Release|x64
		{65727EB2-EE4F-4FFD-A70B-6358B9613193}.Release|x64.Build.0 = Release|x64
		{65727EB2-EE4F-4FFD-A70B-6358B9613193}.Release|x86.ActiveCfg = Release|Win32
		{65727EB2-EE4F-4FFD-A70B-6358B9613193}.Release|x86.Build.0 = Release|Win32
	EndGlobalSection
	GlobalSection(SolutionProperties) = preSolution
		HideSolutionNode = FALSE
	EndGlobalSection
	GlobalSection(ExtensibilityGlobals) = postSolution
		SolutionGuid = {DE1EA68F-FD7E-4254-B108-3D3A4E32F35C}
	EndGlobalSection
EndGlobal
