
Microsoft Visual Studio Solution File, Format Version 12.00
# Visual Studio Version 16
VisualStudioVersion = 16.0.30309.148
MinimumVisualStudioVersion = 10.0.40219.1
Project("{8BC9CEB8-8B4A-11D0-8D11-00A0C91BC942}") = "01-FirstProject", "01-FirstProject\01-FirstProject.vcxproj", "{C4A06A65-3F8C-4520-9F26-EB7A72389233}"
EndProject
Project("{8BC9CEB8-8B4A-11D0-8D11-00A0C91BC942}") = "02-ProgrammingTest", "02-ProgrammingTest\02-ProgrammingTest.vcxproj", "{C589EF25-A692-4275-BF57-134C78F278EA}"
EndProject
Project("{8BC9CEB8-8B4A-11D0-8D11-00A0C91BC942}") = "03-算术运算符", "03-算术运算符\03-算术运算符.vcxproj", "{0C423648-D785-41F1-B8BD-A38084D4156F}"
EndProject
Project("{8BC9CEB8-8B4A-11D0-8D11-00A0C91BC942}") = "04-类型转换", "04-类型转换\04-类型转换.vcxproj", "{920E3C2D-1737-4168-BF33-A8E66F3D500E}"
EndProject
Project("{8BC9CEB8-8B4A-11D0-8D11-00A0C91BC942}") = "练习-01", "练习-01\练习-01.vcxproj", "{118B31E6-D7D2-4B9C-9E40-46C049E3C1CC}"
EndProject
Project("{8BC9CEB8-8B4A-11D0-8D11-00A0C91BC942}") = "05-数组", "05-数组\05-数组.vcxproj", "{26EBA953-F5E1-4178-ADF3-8C5249A666AD}"
EndProject
Project("{8BC9CEB8-8B4A-11D0-8D11-00A0C91BC942}") = "06-字符串", "06-字符串\06-字符串.vcxproj", "{36048FFD-2A35-4D30-A9C1-9ECD0EC90E2C}"
EndProject
Project("{8BC9CEB8-8B4A-11D0-8D11-00A0C91BC942}") = "07-String字符串", "07-String字符串\07-String字符串.vcxproj", "{B1E2D9C8-A063-457B-8540-5AB08E3A88DB}"
EndProject
Project("{8BC9CEB8-8B4A-11D0-8D11-00A0C91BC942}") = "08-结构体", "08-结构体\08-结构体.vcxproj", "{B21B8A53-CAA4-4D4A-AEAF-51C7DC315C22}"
EndProject
Project("{8BC9CEB8-8B4A-11D0-8D11-00A0C91BC942}") = "09-枚举类型", "09-枚举类型\09-枚举类型.vcxproj", "{6947A9D2-9C82-423D-98EB-B38D737FF7FC}"
EndProject
Project("{8BC9CEB8-8B4A-11D0-8D11-00A0C91BC942}") = "10-指针", "10-指针\10-指针.vcxproj", "{D8165BDA-FC88-4AD8-B9E9-D310918D7E14}"
EndProject
Global
	GlobalSection(SolutionConfigurationPlatforms) = preSolution
		Debug|x64 = Debug|x64
		Debug|x86 = Debug|x86
		Release|x64 = Release|x64
		Release|x86 = Release|x86
	EndGlobalSection
	GlobalSection(ProjectConfigurationPlatforms) = postSolution
		{C4A06A65-3F8C-4520-9F26-EB7A72389233}.Debug|x64.ActiveCfg = Debug|x64
		{C4A06A65-3F8C-4520-9F26-EB7A72389233}.Debug|x64.Build.0 = Debug|x64
		{C4A06A65-3F8C-4520-9F26-EB7A72389233}.Debug|x86.ActiveCfg = Debug|Win32
		{C4A06A65-3F8C-4520-9F26-EB7A72389233}.Debug|x86.Build.0 = Debug|Win32
		{C4A06A65-3F8C-4520-9F26-EB7A72389233}.Release|x64.ActiveCfg = Release|x64
		{C4A06A65-3F8C-4520-9F26-EB7A72389233}.Release|x64.Build.0 = Release|x64
		{C4A06A65-3F8C-4520-9F26-EB7A72389233}.Release|x86.ActiveCfg = Release|Win32
		{C4A06A65-3F8C-4520-9F26-EB7A72389233}.Release|x86.Build.0 = Release|Win32
		{C589EF25-A692-4275-BF57-134C78F278EA}.Debug|x64.ActiveCfg = Debug|x64
		{C589EF25-A692-4275-BF57-134C78F278EA}.Debug|x64.Build.0 = Debug|x64
		{C589EF25-A692-4275-BF57-134C78F278EA}.Debug|x86.ActiveCfg = Debug|Win32
		{C589EF25-A692-4275-BF57-134C78F278EA}.Debug|x86.Build.0 = Debug|Win32
		{C589EF25-A692-4275-BF57-134C78F278EA}.Release|x64.ActiveCfg = Release|x64
		{C589EF25-A692-4275-BF57-134C78F278EA}.Release|x64.Build.0 = Release|x64
		{C589EF25-A692-4275-BF57-134C78F278EA}.Release|x86.ActiveCfg = Release|Win32
		{C589EF25-A692-4275-BF57-134C78F278EA}.Release|x86.Build.0 = Release|Win32
		{0C423648-D785-41F1-B8BD-A38084D4156F}.Debug|x64.ActiveCfg = Debug|x64
		{0C423648-D785-41F1-B8BD-A38084D4156F}.Debug|x64.Build.0 = Debug|x64
		{0C423648-D785-41F1-B8BD-A38084D4156F}.Debug|x86.ActiveCfg = Debug|Win32
		{0C423648-D785-41F1-B8BD-A38084D4156F}.Debug|x86.Build.0 = Debug|Win32
		{0C423648-D785-41F1-B8BD-A38084D4156F}.Release|x64.ActiveCfg = Release|x64
		{0C423648-D785-41F1-B8BD-A38084D4156F}.Release|x64.Build.0 = Release|x64
		{0C423648-D785-41F1-B8BD-A38084D4156F}.Release|x86.ActiveCfg = Release|Win32
		{0C423648-D785-41F1-B8BD-A38084D4156F}.Release|x86.Build.0 = Release|Win32
		{920E3C2D-1737-4168-BF33-A8E66F3D500E}.Debug|x64.ActiveCfg = Debug|x64
		{920E3C2D-1737-4168-BF33-A8E66F3D500E}.Debug|x64.Build.0 = Debug|x64
		{920E3C2D-1737-4168-BF33-A8E66F3D500E}.Debug|x86.ActiveCfg = Debug|Win32
		{920E3C2D-1737-4168-BF33-A8E66F3D500E}.Debug|x86.Build.0 = Debug|Win32
		{920E3C2D-1737-4168-BF33-A8E66F3D500E}.Release|x64.ActiveCfg = Release|x64
		{920E3C2D-1737-4168-BF33-A8E66F3D500E}.Release|x64.Build.0 = Release|x64
		{920E3C2D-1737-4168-BF33-A8E66F3D500E}.Release|x86.ActiveCfg = Release|Win32
		{920E3C2D-1737-4168-BF33-A8E66F3D500E}.Release|x86.Build.0 = Release|Win32
		{118B31E6-D7D2-4B9C-9E40-46C049E3C1CC}.Debug|x64.ActiveCfg = Debug|x64
		{118B31E6-D7D2-4B9C-9E40-46C049E3C1CC}.Debug|x64.Build.0 = Debug|x64
		{118B31E6-D7D2-4B9C-9E40-46C049E3C1CC}.Debug|x86.ActiveCfg = Debug|Win32
		{118B31E6-D7D2-4B9C-9E40-46C049E3C1CC}.Debug|x86.Build.0 = Debug|Win32
		{118B31E6-D7D2-4B9C-9E40-46C049E3C1CC}.Release|x64.ActiveCfg = Release|x64
		{118B31E6-D7D2-4B9C-9E40-46C049E3C1CC}.Release|x64.Build.0 = Release|x64
		{118B31E6-D7D2-4B9C-9E40-46C049E3C1CC}.Release|x86.ActiveCfg = Release|Win32
		{118B31E6-D7D2-4B9C-9E40-46C049E3C1CC}.Release|x86.Build.0 = Release|Win32
		{26EBA953-F5E1-4178-ADF3-8C5249A666AD}.Debug|x64.ActiveCfg = Debug|x64
		{26EBA953-F5E1-4178-ADF3-8C5249A666AD}.Debug|x64.Build.0 = Debug|x64
		{26EBA953-F5E1-4178-ADF3-8C5249A666AD}.Debug|x86.ActiveCfg = Debug|Win32
		{26EBA953-F5E1-4178-ADF3-8C5249A666AD}.Debug|x86.Build.0 = Debug|Win32
		{26EBA953-F5E1-4178-ADF3-8C5249A666AD}.Release|x64.ActiveCfg = Release|x64
		{26EBA953-F5E1-4178-ADF3-8C5249A666AD}.Release|x64.Build.0 = Release|x64
		{26EBA953-F5E1-4178-ADF3-8C5249A666AD}.Release|x86.ActiveCfg = Release|Win32
		{26EBA953-F5E1-4178-ADF3-8C5249A666AD}.Release|x86.Build.0 = Release|Win32
		{36048FFD-2A35-4D30-A9C1-9ECD0EC90E2C}.Debug|x64.ActiveCfg = Debug|x64
		{36048FFD-2A35-4D30-A9C1-9ECD0EC90E2C}.Debug|x64.Build.0 = Debug|x64
		{36048FFD-2A35-4D30-A9C1-9ECD0EC90E2C}.Debug|x86.ActiveCfg = Debug|Win32
		{36048FFD-2A35-4D30-A9C1-9ECD0EC90E2C}.Debug|x86.Build.0 = Debug|Win32
		{36048FFD-2A35-4D30-A9C1-9ECD0EC90E2C}.Release|x64.ActiveCfg = Release|x64
		{36048FFD-2A35-4D30-A9C1-9ECD0EC90E2C}.Release|x64.Build.0 = Release|x64
		{36048FFD-2A35-4D30-A9C1-9ECD0EC90E2C}.Release|x86.ActiveCfg = Release|Win32
		{36048FFD-2A35-4D30-A9C1-9ECD0EC90E2C}.Release|x86.Build.0 = Release|Win32
		{B1E2D9C8-A063-457B-8540-5AB08E3A88DB}.Debug|x64.ActiveCfg = Debug|x64
		{B1E2D9C8-A063-457B-8540-5AB08E3A88DB}.Debug|x64.Build.0 = Debug|x64
		{B1E2D9C8-A063-457B-8540-5AB08E3A88DB}.Debug|x86.ActiveCfg = Debug|Win32
		{B1E2D9C8-A063-457B-8540-5AB08E3A88DB}.Debug|x86.Build.0 = Debug|Win32
		{B1E2D9C8-A063-457B-8540-5AB08E3A88DB}.Release|x64.ActiveCfg = Release|x64
		{B1E2D9C8-A063-457B-8540-5AB08E3A88DB}.Release|x64.Build.0 = Release|x64
		{B1E2D9C8-A063-457B-8540-5AB08E3A88DB}.Release|x86.ActiveCfg = Release|Win32
		{B1E2D9C8-A063-457B-8540-5AB08E3A88DB}.Release|x86.Build.0 = Release|Win32
		{B21B8A53-CAA4-4D4A-AEAF-51C7DC315C22}.Debug|x64.ActiveCfg = Debug|x64
		{B21B8A53-CAA4-4D4A-AEAF-51C7DC315C22}.Debug|x64.Build.0 = Debug|x64
		{B21B8A53-CAA4-4D4A-AEAF-51C7DC315C22}.Debug|x86.ActiveCfg = Debug|Win32
		{B21B8A53-CAA4-4D4A-AEAF-51C7DC315C22}.Debug|x86.Build.0 = Debug|Win32
		{B21B8A53-CAA4-4D4A-AEAF-51C7DC315C22}.Release|x64.ActiveCfg = Release|x64
		{B21B8A53-CAA4-4D4A-AEAF-51C7DC315C22}.Release|x64.Build.0 = Release|x64
		{B21B8A53-CAA4-4D4A-AEAF-51C7DC315C22}.Release|x86.ActiveCfg = Release|Win32
		{B21B8A53-CAA4-4D4A-AEAF-51C7DC315C22}.Release|x86.Build.0 = Release|Win32
		{6947A9D2-9C82-423D-98EB-B38D737FF7FC}.Debug|x64.ActiveCfg = Debug|x64
		{6947A9D2-9C82-423D-98EB-B38D737FF7FC}.Debug|x64.Build.0 = Debug|x64
		{6947A9D2-9C82-423D-98EB-B38D737FF7FC}.Debug|x86.ActiveCfg = Debug|Win32
		{6947A9D2-9C82-423D-98EB-B38D737FF7FC}.Debug|x86.Build.0 = Debug|Win32
		{6947A9D2-9C82-423D-98EB-B38D737FF7FC}.Release|x64.ActiveCfg = Release|x64
		{6947A9D2-9C82-423D-98EB-B38D737FF7FC}.Release|x64.Build.0 = Release|x64
		{6947A9D2-9C82-423D-98EB-B38D737FF7FC}.Release|x86.ActiveCfg = Release|Win32
		{6947A9D2-9C82-423D-98EB-B38D737FF7FC}.Release|x86.Build.0 = Release|Win32
		{D8165BDA-FC88-4AD8-B9E9-D310918D7E14}.Debug|x64.ActiveCfg = Debug|x64
		{D8165BDA-FC88-4AD8-B9E9-D310918D7E14}.Debug|x64.Build.0 = Debug|x64
		{D8165BDA-FC88-4AD8-B9E9-D310918D7E14}.Debug|x86.ActiveCfg = Debug|Win32
		{D8165BDA-FC88-4AD8-B9E9-D310918D7E14}.Debug|x86.Build.0 = Debug|Win32
		{D8165BDA-FC88-4AD8-B9E9-D310918D7E14}.Release|x64.ActiveCfg = Release|x64
		{D8165BDA-FC88-4AD8-B9E9-D310918D7E14}.Release|x64.Build.0 = Release|x64
		{D8165BDA-FC88-4AD8-B9E9-D310918D7E14}.Release|x86.ActiveCfg = Release|Win32
		{D8165BDA-FC88-4AD8-B9E9-D310918D7E14}.Release|x86.Build.0 = Release|Win32
	EndGlobalSection
	GlobalSection(SolutionProperties) = preSolution
		HideSolutionNode = FALSE
	EndGlobalSection
	GlobalSection(ExtensibilityGlobals) = postSolution
		SolutionGuid = {F3884C4D-1C76-48A9-9E04-525E9489A97D}
	EndGlobalSection
EndGlobal
