
Microsoft Visual Studio Solution File, Format Version 12.00
# Visual Studio Version 16
VisualStudioVersion = 16.0.30309.148
MinimumVisualStudioVersion = 10.0.40219.1
Project("{8BC9CEB8-8B4A-11D0-8D11-00A0C91BC942}") = "01-FirstProject", "01-FirstProject\01-FirstProject.vcxproj", "{C4A06A65-3F8C-4520-9F26-EB7A72389233}"
EndProject
Project("{8BC9CEB8-8B4A-11D0-8D11-00A0C91BC942}") = "02-ProgrammingTest", "02-ProgrammingTest\02-ProgrammingTest.vcxproj", "{C589EF25-A692-4275-BF57-134C78F278EA}"
EndProject
Project("{8BC9CEB8-8B4A-11D0-8D11-00A0C91BC942}") = "03-算术运算符", "03-算术运算符\03-算术运算符.vcxproj", "{0C423648-D785-41F1-B8BD-A38084D4156F}"
EndProject
Project("{8BC9CEB8-8B4A-11D0-8D11-00A0C91BC942}") = "04-类型转换", "04-类型转换\04-类型转换.vcxproj", "{920E3C2D-1737-4168-BF33-A8E66F3D500E}"
EndProject
Project("{8BC9CEB8-8B4A-11D0-8D11-00A0C91BC942}") = "练习-01", "练习-01\练习-01.vcxproj", "{118B31E6-D7D2-4B9C-9E40-46C049E3C1CC}"
EndProject
Project("{8BC9CEB8-8B4A-11D0-8D11-00A0C91BC942}") = "05-数组", "05-数组\05-数组.vcxproj", "{26EBA953-F5E1-4178-ADF3-8C5249A666AD}"
EndProject
Project("{8BC9CEB8-8B4A-11D0-8D11-00A0C91BC942}") = "06-字符串", "06-字符串\06-字符串.vcxproj", "{36048FFD-2A35-4D30-A9C1-9ECD0EC90E2C}"
EndProject
Project("{8BC9CEB8-8B4A-11D0-8D11-00A0C91BC942}") = "07-String字符串", "07-String字符串\07-String字符串.vcxproj", "{B1E2D9C8-A063-457B-8540-5AB08E3A88DB}"
EndProject
Project("{8BC9CEB8-8B4A-11D0-8D11-00A0C91BC942}") = "08-结构体", "08-结构体\08-结构体.vcxproj", "{B21B8A53-CAA4-4D4A-AEAF-51C7DC315C22}"
EndProject
Project("{8BC9CEB8-8B4A-11D0-8D11-00A0C91BC942}") = "09-枚举类型", "09-枚举类型\09-枚举类型.vcxproj", "{6947A9D2-9C82-423D-98EB-B38D737FF7FC}"
EndProject
Project("{8BC9CEB8-8B4A-11D0-8D11-00A0C91BC942}") = "10-指针", "10-指针\10-指针.vcxproj", "{D8165BDA-FC88-4AD8-B9E9-D310918D7E14}"
EndProject
Project("{8BC9CEB8-8B4A-11D0-8D11-00A0C91BC942}") = "11-指针与数组", "11-指针与数组\11-指针与数组.vcxproj", "{993E07C6-1E3A-48A4-8A9B-A094A76AE362}"
EndProject
Project("{8BC9CEB8-8B4A-11D0-8D11-00A0C91BC942}") = "12-数组第三种方式模板类Array", "12-数组第三种方式模板类Array\12-数组第三种方式模板类Array.vcxproj", "{664B8C5A-0C7D-4953-B6E5-E1D454A09149}"
EndProject
Project("{8BC9CEB8-8B4A-11D0-8D11-00A0C91BC942}") = "练习-02", "练习-02\练习-02.vcxproj", "{22B8486D-F919-4BED-87D5-A74EF94777FB}"
EndProject
Project("{8BC9CEB8-8B4A-11D0-8D11-00A0C91BC942}") = "13-for循环", "13-for循环\13-for循环.vcxproj", "{44C1185A-9DA0-48D5-B64F-2FFB6A6E5906}"
EndProject
Project("{8BC9CEB8-8B4A-11D0-8D11-00A0C91BC942}") = "14-组合赋值运算符_关系运算符", "14-组合赋值运算符_关系运算符\14-组合赋值运算符_关系运算符.vcxproj", "{D3E2DA78-59A2-4B82-8EB2-8B35B103F990}"
EndProject
Project("{8BC9CEB8-8B4A-11D0-8D11-00A0C91BC942}") = "15-While循环", "15-While循环\15-While循环.vcxproj", "{57ED3E8C-6849-4907-B3FD-6FEC2E9DE829}"
EndProject
Project("{8BC9CEB8-8B4A-11D0-8D11-00A0C91BC942}") = "16-类型别名", "16-类型别名\16-类型别名.vcxproj", "{2202AAD1-4B2E-4954-9046-91E7BBBDC0E4}"
EndProject
Project("{8BC9CEB8-8B4A-11D0-8D11-00A0C91BC942}") = "17-DoWhile循环", "17-DoWhile循环\17-DoWhile循环.vcxproj", "{6D7979B2-6D21-4612-9168-21BB95CCDE64}"
EndProject
Project("{8BC9CEB8-8B4A-11D0-8D11-00A0C91BC942}") = "18-二维数组", "18-二维数组\18-二维数组.vcxproj", "{0856096C-FD98-4229-B8DC-1C5AABFCE9C2}"
EndProject
Project("{8BC9CEB8-8B4A-11D0-8D11-00A0C91BC942}") = "练习-03", "练习-03\练习-03.vcxproj", "{2DA0418F-9AD4-4F7B-8D27-D0CA3BB519A3}"
EndProject
Project("{8BC9CEB8-8B4A-11D0-8D11-00A0C91BC942}") = "19-if语句", "19-if语句\19-if语句.vcxproj", "{E4A58AC9-8B2C-4D40-998C-A70CBB6DC949}"
EndProject
Project("{8BC9CEB8-8B4A-11D0-8D11-00A0C91BC942}") = "20-Switch语句", "20-Switch语句\20-Switch语句.vcxproj", "{780D8F2D-5F1D-4870-8863-4DB4B3BC70E1}"
EndProject
Global
	GlobalSection(SolutionConfigurationPlatforms) = preSolution
		Debug|x64 = Debug|x64
		Debug|x86 = Debug|x86
		Release|x64 = Release|x64
		Release|x86 = Release|x86
	EndGlobalSection
	GlobalSection(ProjectConfigurationPlatforms) = postSolution
		{C4A06A65-3F8C-4520-9F26-EB7A72389233}.Debug|x64.ActiveCfg = Debug|x64
		{C4A06A65-3F8C-4520-9F26-EB7A72389233}.Debug|x64.Build.0 = Debug|x64
		{C4A06A65-3F8C-4520-9F26-EB7A72389233}.Debug|x86.ActiveCfg = Debug|Win32
		{C4A06A65-3F8C-4520-9F26-EB7A72389233}.Debug|x86.Build.0 = Debug|Win32
		{C4A06A65-3F8C-4520-9F26-EB7A72389233}.Release|x64.ActiveCfg = Release|x64
		{C4A06A65-3F8C-4520-9F26-EB7A72389233}.Release|x64.Build.0 = Release|x64
		{C4A06A65-3F8C-4520-9F26-EB7A72389233}.Release|x86.ActiveCfg = Release|Win32
		{C4A06A65-3F8C-4520-9F26-EB7A72389233}.Release|x86.Build.0 = Release|Win32
		{C589EF25-A692-4275-BF57-134C78F278EA}.Debug|x64.ActiveCfg = Debug|x64
		{C589EF25-A692-4275-BF57-134C78F278EA}.Debug|x64.Build.0 = Debug|x64
		{C589EF25-A692-4275-BF57-134C78F278EA}.Debug|x86.ActiveCfg = Debug|Win32
		{C589EF25-A692-4275-BF57-134C78F278EA}.Debug|x86.Build.0 = Debug|Win32
		{C589EF25-A692-4275-BF57-134C78F278EA}.Release|x64.ActiveCfg = Release|x64
		{C589EF25-A692-4275-BF57-134C78F278EA}.Release|x64.Build.0 = Release|x64
		{C589EF25-A692-4275-BF57-134C78F278EA}.Release|x86.ActiveCfg = Release|Win32
		{C589EF25-A692-4275-BF57-134C78F278EA}.Release|x86.Build.0 = Release|Win32
		{0C423648-D785-41F1-B8BD-A38084D4156F}.Debug|x64.ActiveCfg = Debug|x64
		{0C423648-D785-41F1-B8BD-A38084D4156F}.Debug|x64.Build.0 = Debug|x64
		{0C423648-D785-41F1-B8BD-A38084D4156F}.Debug|x86.ActiveCfg = Debug|Win32
		{0C423648-D785-41F1-B8BD-A38084D4156F}.Debug|x86.Build.0 = Debug|Win32
		{0C423648-D785-41F1-B8BD-A38084D4156F}.Release|x64.ActiveCfg = Release|x64
		{0C423648-D785-41F1-B8BD-A38084D4156F}.Release|x64.Build.0 = Release|x64
		{0C423648-D785-41F1-B8BD-A38084D4156F}.Release|x86.ActiveCfg = Release|Win32
		{0C423648-D785-41F1-B8BD-A38084D4156F}.Release|x86.Build.0 = Release|Win32
		{920E3C2D-1737-4168-BF33-A8E66F3D500E}.Debug|x64.ActiveCfg = Debug|x64
		{920E3C2D-1737-4168-BF33-A8E66F3D500E}.Debug|x64.Build.0 = Debug|x64
		{920E3C2D-1737-4168-BF33-A8E66F3D500E}.Debug|x86.ActiveCfg = Debug|Win32
		{920E3C2D-1737-4168-BF33-A8E66F3D500E}.Debug|x86.Build.0 = Debug|Win32
		{920E3C2D-1737-4168-BF33-A8E66F3D500E}.Release|x64.ActiveCfg = Release|x64
		{920E3C2D-1737-4168-BF33-A8E66F3D500E}.Release|x64.Build.0 = Release|x64
		{920E3C2D-1737-4168-BF33-A8E66F3D500E}.Release|x86.ActiveCfg = Release|Win32
		{920E3C2D-1737-4168-BF33-A8E66F3D500E}.Release|x86.Build.0 = Release|Win32
		{118B31E6-D7D2-4B9C-9E40-46C049E3C1CC}.Debug|x64.ActiveCfg = Debug|x64
		{118B31E6-D7D2-4B9C-9E40-46C049E3C1CC}.Debug|x64.Build.0 = Debug|x64
		{118B31E6-D7D2-4B9C-9E40-46C049E3C1CC}.Debug|x86.ActiveCfg = Debug|Win32
		{118B31E6-D7D2-4B9C-9E40-46C049E3C1CC}.Debug|x86.Build.0 = Debug|Win32
		{118B31E6-D7D2-4B9C-9E40-46C049E3C1CC}.Release|x64.ActiveCfg = Release|x64
		{118B31E6-D7D2-4B9C-9E40-46C049E3C1CC}.Release|x64.Build.0 = Release|x64
		{118B31E6-D7D2-4B9C-9E40-46C049E3C1CC}.Release|x86.ActiveCfg = Release|Win32
		{118B31E6-D7D2-4B9C-9E40-46C049E3C1CC}.Release|x86.Build.0 = Release|Win32
		{26EBA953-F5E1-4178-ADF3-8C5249A666AD}.Debug|x64.ActiveCfg = Debug|x64
		{26EBA953-F5E1-4178-ADF3-8C5249A666AD}.Debug|x64.Build.0 = Debug|x64
		{26EBA953-F5E1-4178-ADF3-8C5249A666AD}.Debug|x86.ActiveCfg = Debug|Win32
		{26EBA953-F5E1-4178-ADF3-8C5249A666AD}.Debug|x86.Build.0 = Debug|Win32
		{26EBA953-F5E1-4178-ADF3-8C5249A666AD}.Release|x64.ActiveCfg = Release|x64
		{26EBA953-F5E1-4178-ADF3-8C5249A666AD}.Release|x64.Build.0 = Release|x64
		{26EBA953-F5E1-4178-ADF3-8C5249A666AD}.Release|x86.ActiveCfg = Release|Win32
		{26EBA953-F5E1-4178-ADF3-8C5249A666AD}.Release|x86.Build.0 = Release|Win32
		{36048FFD-2A35-4D30-A9C1-9ECD0EC90E2C}.Debug|x64.ActiveCfg = Debug|x64
		{36048FFD-2A35-4D30-A9C1-9ECD0EC90E2C}.Debug|x64.Build.0 = Debug|x64
		{36048FFD-2A35-4D30-A9C1-9ECD0EC90E2C}.Debug|x86.ActiveCfg = Debug|Win32
		{36048FFD-2A35-4D30-A9C1-9ECD0EC90E2C}.Debug|x86.Build.0 = Debug|Win32
		{36048FFD-2A35-4D30-A9C1-9ECD0EC90E2C}.Release|x64.ActiveCfg = Release|x64
		{36048FFD-2A35-4D30-A9C1-9ECD0EC90E2C}.Release|x64.Build.0 = Release|x64
		{36048FFD-2A35-4D30-A9C1-9ECD0EC90E2C}.Release|x86.ActiveCfg = Release|Win32
		{36048FFD-2A35-4D30-A9C1-9ECD0EC90E2C}.Release|x86.Build.0 = Release|Win32
		{B1E2D9C8-A063-457B-8540-5AB08E3A88DB}.Debug|x64.ActiveCfg = Debug|x64
		{B1E2D9C8-A063-457B-8540-5AB08E3A88DB}.Debug|x64.Build.0 = Debug|x64
		{B1E2D9C8-A063-457B-8540-5AB08E3A88DB}.Debug|x86.ActiveCfg = Debug|Win32
		{B1E2D9C8-A063-457B-8540-5AB08E3A88DB}.Debug|x86.Build.0 = Debug|Win32
		{B1E2D9C8-A063-457B-8540-5AB08E3A88DB}.Release|x64.ActiveCfg = Release|x64
		{B1E2D9C8-A063-457B-8540-5AB08E3A88DB}.Release|x64.Build.0 = Release|x64
		{B1E2D9C8-A063-457B-8540-5AB08E3A88DB}.Release|x86.ActiveCfg = Release|Win32
		{B1E2D9C8-A063-457B-8540-5AB08E3A88DB}.Release|x86.Build.0 = Release|Win32
		{B21B8A53-CAA4-4D4A-AEAF-51C7DC315C22}.Debug|x64.ActiveCfg = Debug|x64
		{B21B8A53-CAA4-4D4A-AEAF-51C7DC315C22}.Debug|x64.Build.0 = Debug|x64
		{B21B8A53-CAA4-4D4A-AEAF-51C7DC315C22}.Debug|x86.ActiveCfg = Debug|Win32
		{B21B8A53-CAA4-4D4A-AEAF-51C7DC315C22}.Debug|x86.Build.0 = Debug|Win32
		{B21B8A53-CAA4-4D4A-AEAF-51C7DC315C22}.Release|x64.ActiveCfg = Release|x64
		{B21B8A53-CAA4-4D4A-AEAF-51C7DC315C22}.Release|x64.Build.0 = Release|x64
		{B21B8A53-CAA4-4D4A-AEAF-51C7DC315C22}.Release|x86.ActiveCfg = Release|Win32
		{B21B8A53-CAA4-4D4A-AEAF-51C7DC315C22}.Release|x86.Build.0 = Release|Win32
		{6947A9D2-9C82-423D-98EB-B38D737FF7FC}.Debug|x64.ActiveCfg = Debug|x64
		{6947A9D2-9C82-423D-98EB-B38D737FF7FC}.Debug|x64.Build.0 = Debug|x64
		{6947A9D2-9C82-423D-98EB-B38D737FF7FC}.Debug|x86.ActiveCfg = Debug|Win32
		{6947A9D2-9C82-423D-98EB-B38D737FF7FC}.Debug|x86.Build.0 = Debug|Win32
		{6947A9D2-9C82-423D-98EB-B38D737FF7FC}.Release|x64.ActiveCfg = Release|x64
		{6947A9D2-9C82-423D-98EB-B38D737FF7FC}.Release|x64.Build.0 = Release|x64
		{6947A9D2-9C82-423D-98EB-B38D737FF7FC}.Release|x86.ActiveCfg = Release|Win32
		{6947A9D2-9C82-423D-98EB-B38D737FF7FC}.Release|x86.Build.0 = Release|Win32
		{D8165BDA-FC88-4AD8-B9E9-D310918D7E14}.Debug|x64.ActiveCfg = Debug|x64
		{D8165BDA-FC88-4AD8-B9E9-D310918D7E14}.Debug|x64.Build.0 = Debug|x64
		{D8165BDA-FC88-4AD8-B9E9-D310918D7E14}.Debug|x86.ActiveCfg = Debug|Win32
		{D8165BDA-FC88-4AD8-B9E9-D310918D7E14}.Debug|x86.Build.0 = Debug|Win32
		{D8165BDA-FC88-4AD8-B9E9-D310918D7E14}.Release|x64.ActiveCfg = Release|x64
		{D8165BDA-FC88-4AD8-B9E9-D310918D7E14}.Release|x64.Build.0 = Release|x64
		{D8165BDA-FC88-4AD8-B9E9-D310918D7E14}.Release|x86.ActiveCfg = Release|Win32
		{D8165BDA-FC88-4AD8-B9E9-D310918D7E14}.Release|x86.Build.0 = Release|Win32
		{993E07C6-1E3A-48A4-8A9B-A094A76AE362}.Debug|x64.ActiveCfg = Debug|x64
		{993E07C6-1E3A-48A4-8A9B-A094A76AE362}.Debug|x64.Build.0 = Debug|x64
		{993E07C6-1E3A-48A4-8A9B-A094A76AE362}.Debug|x86.ActiveCfg = Debug|Win32
		{993E07C6-1E3A-48A4-8A9B-A094A76AE362}.Debug|x86.Build.0 = Debug|Win32
		{993E07C6-1E3A-48A4-8A9B-A094A76AE362}.Release|x64.ActiveCfg = Release|x64
		{993E07C6-1E3A-48A4-8A9B-A094A76AE362}.Release|x64.Build.0 = Release|x64
		{993E07C6-1E3A-48A4-8A9B-A094A76AE362}.Release|x86.ActiveCfg = Release|Win32
		{993E07C6-1E3A-48A4-8A9B-A094A76AE362}.Release|x86.Build.0 = Release|Win32
		{664B8C5A-0C7D-4953-B6E5-E1D454A09149}.Debug|x64.ActiveCfg = Debug|x64
		{664B8C5A-0C7D-4953-B6E5-E1D454A09149}.Debug|x64.Build.0 = Debug|x64
		{664B8C5A-0C7D-4953-B6E5-E1D454A09149}.Debug|x86.ActiveCfg = Debug|Win32
		{664B8C5A-0C7D-4953-B6E5-E1D454A09149}.Debug|x86.Build.0 = Debug|Win32
		{664B8C5A-0C7D-4953-B6E5-E1D454A09149}.Release|x64.ActiveCfg = Release|x64
		{664B8C5A-0C7D-4953-B6E5-E1D454A09149}.Release|x64.Build.0 = Release|x64
		{664B8C5A-0C7D-4953-B6E5-E1D454A09149}.Release|x86.ActiveCfg = Release|Win32
		{664B8C5A-0C7D-4953-B6E5-E1D454A09149}.Release|x86.Build.0 = Release|Win32
		{22B8486D-F919-4BED-87D5-A74EF94777FB}.Debug|x64.ActiveCfg = Debug|x64
		{22B8486D-F919-4BED-87D5-A74EF94777FB}.Debug|x64.Build.0 = Debug|x64
		{22B8486D-F919-4BED-87D5-A74EF94777FB}.Debug|x86.ActiveCfg = Debug|Win32
		{22B8486D-F919-4BED-87D5-A74EF94777FB}.Debug|x86.Build.0 = Debug|Win32
		{22B8486D-F919-4BED-87D5-A74EF94777FB}.Release|x64.ActiveCfg = Release|x64
		{22B8486D-F919-4BED-87D5-A74EF94777FB}.Release|x64.Build.0 = Release|x64
		{22B8486D-F919-4BED-87D5-A74EF94777FB}.Release|x86.ActiveCfg = Release|Win32
		{22B8486D-F919-4BED-87D5-A74EF94777FB}.Release|x86.Build.0 = Release|Win32
		{44C1185A-9DA0-48D5-B64F-2FFB6A6E5906}.Debug|x64.ActiveCfg = Debug|x64
		{44C1185A-9DA0-48D5-B64F-2FFB6A6E5906}.Debug|x64.Build.0 = Debug|x64
		{44C1185A-9DA0-48D5-B64F-2FFB6A6E5906}.Debug|x86.ActiveCfg = Debug|Win32
		{44C1185A-9DA0-48D5-B64F-2FFB6A6E5906}.Debug|x86.Build.0 = Debug|Win32
		{44C1185A-9DA0-48D5-B64F-2FFB6A6E5906}.Release|x64.ActiveCfg = Release|x64
		{44C1185A-9DA0-48D5-B64F-2FFB6A6E5906}.Release|x64.Build.0 = Release|x64
		{44C1185A-9DA0-48D5-B64F-2FFB6A6E5906}.Release|x86.ActiveCfg = Release|Win32
		{44C1185A-9DA0-48D5-B64F-2FFB6A6E5906}.Release|x86.Build.0 = Release|Win32
		{D3E2DA78-59A2-4B82-8EB2-8B35B103F990}.Debug|x64.ActiveCfg = Debug|x64
		{D3E2DA78-59A2-4B82-8EB2-8B35B103F990}.Debug|x64.Build.0 = Debug|x64
		{D3E2DA78-59A2-4B82-8EB2-8B35B103F990}.Debug|x86.ActiveCfg = Debug|Win32
		{D3E2DA78-59A2-4B82-8EB2-8B35B103F990}.Debug|x86.Build.0 = Debug|Win32
		{D3E2DA78-59A2-4B82-8EB2-8B35B103F990}.Release|x64.ActiveCfg = Release|x64
		{D3E2DA78-59A2-4B82-8EB2-8B35B103F990}.Release|x64.Build.0 = Release|x64
		{D3E2DA78-59A2-4B82-8EB2-8B35B103F990}.Release|x86.ActiveCfg = Release|Win32
		{D3E2DA78-59A2-4B82-8EB2-8B35B103F990}.Release|x86.Build.0 = Release|Win32
		{57ED3E8C-6849-4907-B3FD-6FEC2E9DE829}.Debug|x64.ActiveCfg = Debug|x64
		{57ED3E8C-6849-4907-B3FD-6FEC2E9DE829}.Debug|x64.Build.0 = Debug|x64
		{57ED3E8C-6849-4907-B3FD-6FEC2E9DE829}.Debug|x86.ActiveCfg = Debug|Win32
		{57ED3E8C-6849-4907-B3FD-6FEC2E9DE829}.Debug|x86.Build.0 = Debug|Win32
		{57ED3E8C-6849-4907-B3FD-6FEC2E9DE829}.Release|x64.ActiveCfg = Release|x64
		{57ED3E8C-6849-4907-B3FD-6FEC2E9DE829}.Release|x64.Build.0 = Release|x64
		{57ED3E8C-6849-4907-B3FD-6FEC2E9DE829}.Release|x86.ActiveCfg = Release|Win32
		{57ED3E8C-6849-4907-B3FD-6FEC2E9DE829}.Release|x86.Build.0 = Release|Win32
		{2202AAD1-4B2E-4954-9046-91E7BBBDC0E4}.Debug|x64.ActiveCfg = Debug|x64
		{2202AAD1-4B2E-4954-9046-91E7BBBDC0E4}.Debug|x64.Build.0 = Debug|x64
		{2202AAD1-4B2E-4954-9046-91E7BBBDC0E4}.Debug|x86.ActiveCfg = Debug|Win32
		{2202AAD1-4B2E-4954-9046-91E7BBBDC0E4}.Debug|x86.Build.0 = Debug|Win32
		{2202AAD1-4B2E-4954-9046-91E7BBBDC0E4}.Release|x64.ActiveCfg = Release|x64
		{2202AAD1-4B2E-4954-9046-91E7BBBDC0E4}.Release|x64.Build.0 = Release|x64
		{2202AAD1-4B2E-4954-9046-91E7BBBDC0E4}.Release|x86.ActiveCfg = Release|Win32
		{2202AAD1-4B2E-4954-9046-91E7BBBDC0E4}.Release|x86.Build.0 = Release|Win32
		{6D7979B2-6D21-4612-9168-21BB95CCDE64}.Debug|x64.ActiveCfg = Debug|x64
		{6D7979B2-6D21-4612-9168-21BB95CCDE64}.Debug|x64.Build.0 = Debug|x64
		{6D7979B2-6D21-4612-9168-21BB95CCDE64}.Debug|x86.ActiveCfg = Debug|Win32
		{6D7979B2-6D21-4612-9168-21BB95CCDE64}.Debug|x86.Build.0 = Debug|Win32
		{6D7979B2-6D21-4612-9168-21BB95CCDE64}.Release|x64.ActiveCfg = Release|x64
		{6D7979B2-6D21-4612-9168-21BB95CCDE64}.Release|x64.Build.0 = Release|x64
		{6D7979B2-6D21-4612-9168-21BB95CCDE64}.Release|x86.ActiveCfg = Release|Win32
		{6D7979B2-6D21-4612-9168-21BB95CCDE64}.Release|x86.Build.0 = Release|Win32
		{0856096C-FD98-4229-B8DC-1C5AABFCE9C2}.Debug|x64.ActiveCfg = Debug|x64
		{0856096C-FD98-4229-B8DC-1C5AABFCE9C2}.Debug|x64.Build.0 = Debug|x64
		{0856096C-FD98-4229-B8DC-1C5AABFCE9C2}.Debug|x86.ActiveCfg = Debug|Win32
		{0856096C-FD98-4229-B8DC-1C5AABFCE9C2}.Debug|x86.Build.0 = Debug|Win32
		{0856096C-FD98-4229-B8DC-1C5AABFCE9C2}.Release|x64.ActiveCfg = Release|x64
		{0856096C-FD98-4229-B8DC-1C5AABFCE9C2}.Release|x64.Build.0 = Release|x64
		{0856096C-FD98-4229-B8DC-1C5AABFCE9C2}.Release|x86.ActiveCfg = Release|Win32
		{0856096C-FD98-4229-B8DC-1C5AABFCE9C2}.Release|x86.Build.0 = Release|Win32
		{2DA0418F-9AD4-4F7B-8D27-D0CA3BB519A3}.Debug|x64.ActiveCfg = Debug|x64
		{2DA0418F-9AD4-4F7B-8D27-D0CA3BB519A3}.Debug|x64.Build.0 = Debug|x64
		{2DA0418F-9AD4-4F7B-8D27-D0CA3BB519A3}.Debug|x86.ActiveCfg = Debug|Win32
		{2DA0418F-9AD4-4F7B-8D27-D0CA3BB519A3}.Debug|x86.Build.0 = Debug|Win32
		{2DA0418F-9AD4-4F7B-8D27-D0CA3BB519A3}.Release|x64.ActiveCfg = Release|x64
		{2DA0418F-9AD4-4F7B-8D27-D0CA3BB519A3}.Release|x64.Build.0 = Release|x64
		{2DA0418F-9AD4-4F7B-8D27-D0CA3BB519A3}.Release|x86.ActiveCfg = Release|Win32
		{2DA0418F-9AD4-4F7B-8D27-D0CA3BB519A3}.Release|x86.Build.0 = Release|Win32
		{E4A58AC9-8B2C-4D40-998C-A70CBB6DC949}.Debug|x64.ActiveCfg = Debug|x64
		{E4A58AC9-8B2C-4D40-998C-A70CBB6DC949}.Debug|x64.Build.0 = Debug|x64
		{E4A58AC9-8B2C-4D40-998C-A70CBB6DC949}.Debug|x86.ActiveCfg = Debug|Win32
		{E4A58AC9-8B2C-4D40-998C-A70CBB6DC949}.Debug|x86.Build.0 = Debug|Win32
		{E4A58AC9-8B2C-4D40-998C-A70CBB6DC949}.Release|x64.ActiveCfg = Release|x64
		{E4A58AC9-8B2C-4D40-998C-A70CBB6DC949}.Release|x64.Build.0 = Release|x64
		{E4A58AC9-8B2C-4D40-998C-A70CBB6DC949}.Release|x86.ActiveCfg = Release|Win32
		{E4A58AC9-8B2C-4D40-998C-A70CBB6DC949}.Release|x86.Build.0 = Release|Win32
		{780D8F2D-5F1D-4870-8863-4DB4B3BC70E1}.Debug|x64.ActiveCfg = Debug|x64
		{780D8F2D-5F1D-4870-8863-4DB4B3BC70E1}.Debug|x64.Build.0 = Debug|x64
		{780D8F2D-5F1D-4870-8863-4DB4B3BC70E1}.Debug|x86.ActiveCfg = Debug|Win32
		{780D8F2D-5F1D-4870-8863-4DB4B3BC70E1}.Debug|x86.Build.0 = Debug|Win32
		{780D8F2D-5F1D-4870-8863-4DB4B3BC70E1}.Release|x64.ActiveCfg = Release|x64
		{780D8F2D-5F1D-4870-8863-4DB4B3BC70E1}.Release|x64.Build.0 = Release|x64
		{780D8F2D-5F1D-4870-8863-4DB4B3BC70E1}.Release|x86.ActiveCfg = Release|Win32
		{780D8F2D-5F1D-4870-8863-4DB4B3BC70E1}.Release|x86.Build.0 = Release|Win32
	EndGlobalSection
	GlobalSection(SolutionProperties) = preSolution
		HideSolutionNode = FALSE
	EndGlobalSection
	GlobalSection(ExtensibilityGlobals) = postSolution
		SolutionGuid = {F3884C4D-1C76-48A9-9E04-525E9489A97D}
	EndGlobalSection
EndGlobal
